
Microsoft Visual Studio Solution File, Format Version 12.00
# Visual Studio 15
VisualStudioVersion = 15.0.28307.705
MinimumVisualStudioVersion = 10.0.40219.1
Project("{FAE04EC0-301F-11D3-BF4B-00C04F79EFBC}") = "MoldFit", "MoldFit\MoldFit.csproj", "{C38EB12F-D13A-4453-966D-C6044D3D1936}"
EndProject
Global
	GlobalSection(SolutionConfigurationPlatforms) = preSolution
		Debug|Any CPU = Debug|Any CPU
		Release|Any CPU = Release|Any CPU
	EndGlobalSection
	GlobalSection(ProjectConfigurationPlatforms) = postSolution
		{C38EB12F-D13A-4453-966D-C6044D3D1936}.Debug|Any CPU.ActiveCfg = Debug|Any CPU
		{C38EB12F-D13A-4453-966D-C6044D3D1936}.Debug|Any CPU.Build.0 = Debug|Any CPU
		{C38EB12F-D13A-4453-966D-C6044D3D1936}.Release|Any CPU.ActiveCfg = Release|Any CPU
		{C38EB12F-D13A-4453-966D-C6044D3D1936}.Release|Any CPU.Build.0 = Release|Any CPU
	EndGlobalSection
	GlobalSection(SolutionProperties) = preSolution
		HideSolutionNode = FALSE
	EndGlobalSection
	GlobalSection(ExtensibilityGlobals) = postSolution
		SolutionGuid = {C7CCFA78-248C-41A7-B9AC-BC0B522AC121}
	EndGlobalSection
EndGlobal
